// !$*UTF8*$!
{
	archiveVersion = 1;
	classes = {
	};
	objectVersion = 51;
	objects = {

/* Begin PBXBuildFile section */
		55E010BCFA796DE13BB976DD /* Pods_Roll_Time.framework in Frameworks */ = {isa = PBXBuildFile; fileRef = 2C03253C6DBB740C72A70CDB /* Pods_Roll_Time.framework */; };
		BF04658A27F06744003A8847 /* GoogleService-Info.plist in Resources */ = {isa = PBXBuildFile; fileRef = BF04658927F06744003A8847 /* GoogleService-Info.plist */; };
		BF0A1B6B285927B900EE73DA /* ExtensionViewController.swift in Sources */ = {isa = PBXBuildFile; fileRef = BF0A1B6A285927B900EE73DA /* ExtensionViewController.swift */; };
		BF0A1EE32863BD3900F04387 /* ADSProvider.swift in Sources */ = {isa = PBXBuildFile; fileRef = BF0A1EE22863BD3900F04387 /* ADSProvider.swift */; };
		BF0A1EE52863BD8800F04387 /* UnifiedNativeAdCell.xib in Resources */ = {isa = PBXBuildFile; fileRef = BF0A1EE42863BD8800F04387 /* UnifiedNativeAdCell.xib */; };
		BF12953A27DD051F00B1C255 /* RouteViewController.swift in Sources */ = {isa = PBXBuildFile; fileRef = BF12953927DD051F00B1C255 /* RouteViewController.swift */; };
		BF12954027DD05F500B1C255 /* Constants.swift in Sources */ = {isa = PBXBuildFile; fileRef = BF12953F27DD05F500B1C255 /* Constants.swift */; };
		BF12954227DD158500B1C255 /* speedmeter.json in Resources */ = {isa = PBXBuildFile; fileRef = BF12954127DD158500B1C255 /* speedmeter.json */; };
		BF12955427DD6D9700B1C255 /* RegisterViewController.swift in Sources */ = {isa = PBXBuildFile; fileRef = BF12955227DD6D9700B1C255 /* RegisterViewController.swift */; };
		BF12955527DD6D9700B1C255 /* RegisterViewController.xib in Resources */ = {isa = PBXBuildFile; fileRef = BF12955327DD6D9700B1C255 /* RegisterViewController.xib */; };
		BF238BD127DE241D00134184 /* DBConnection.swift in Sources */ = {isa = PBXBuildFile; fileRef = BF238BD027DE241D00134184 /* DBConnection.swift */; };
		BF238BD327DE2FD500134184 /* BrandModel.swift in Sources */ = {isa = PBXBuildFile; fileRef = BF238BD227DE2FD500134184 /* BrandModel.swift */; };
		BF238BD527DE304D00134184 /* CarModel.swift in Sources */ = {isa = PBXBuildFile; fileRef = BF238BD427DE304D00134184 /* CarModel.swift */; };
		BF238BD727DE3BD400134184 /* ExtensionUIButton.swift in Sources */ = {isa = PBXBuildFile; fileRef = BF238BD627DE3BD400134184 /* ExtensionUIButton.swift */; };
		BF238BDA27DE3CD700134184 /* ImageViewPicker.swift in Sources */ = {isa = PBXBuildFile; fileRef = BF238BD927DE3CD700134184 /* ImageViewPicker.swift */; };
		BF238BDC27DE3F0100134184 /* BaseUIViewController.swift in Sources */ = {isa = PBXBuildFile; fileRef = BF238BDB27DE3F0100134184 /* BaseUIViewController.swift */; };
		BF2B087F27F30B7800053B3C /* ExtensionString.swift in Sources */ = {isa = PBXBuildFile; fileRef = BF2B087E27F30B7800053B3C /* ExtensionString.swift */; };
		BF2B088127F3533900053B3C /* ExtensionUIView.swift in Sources */ = {isa = PBXBuildFile; fileRef = BF2B088027F3533900053B3C /* ExtensionUIView.swift */; };
		BF44F6CB285A847800BC2AA4 /* LocationManager.swift in Sources */ = {isa = PBXBuildFile; fileRef = BF44F6CA285A847800BC2AA4 /* LocationManager.swift */; };
		BF44F6CD285A84B300BC2AA4 /* ExtensionUIApplication.swift in Sources */ = {isa = PBXBuildFile; fileRef = BF44F6CC285A84B300BC2AA4 /* ExtensionUIApplication.swift */; };
		BF648FD425A2482D00A507F4 /* AppDelegate.swift in Sources */ = {isa = PBXBuildFile; fileRef = BF648FD325A2482D00A507F4 /* AppDelegate.swift */; };
		BF648FD825A2482D00A507F4 /* MainViewController.swift in Sources */ = {isa = PBXBuildFile; fileRef = BF648FD725A2482D00A507F4 /* MainViewController.swift */; };
		BF648FDB25A2482D00A507F4 /* Main.storyboard in Resources */ = {isa = PBXBuildFile; fileRef = BF648FD925A2482D00A507F4 /* Main.storyboard */; };
		BF648FDD25A2482E00A507F4 /* Assets.xcassets in Resources */ = {isa = PBXBuildFile; fileRef = BF648FDC25A2482E00A507F4 /* Assets.xcassets */; };
		BF648FE025A2482E00A507F4 /* LaunchScreen.storyboard in Resources */ = {isa = PBXBuildFile; fileRef = BF648FDE25A2482E00A507F4 /* LaunchScreen.storyboard */; };
		BF648FEB25A2482F00A507F4 /* Roll_TimeTests.swift in Sources */ = {isa = PBXBuildFile; fileRef = BF648FEA25A2482F00A507F4 /* Roll_TimeTests.swift */; };
		BF648FF625A2482F00A507F4 /* Roll_TimeUITests.swift in Sources */ = {isa = PBXBuildFile; fileRef = BF648FF525A2482F00A507F4 /* Roll_TimeUITests.swift */; };
		BF84B3E4285D24C800CAD364 /* carOnlineDatabase.sqli in Resources */ = {isa = PBXBuildFile; fileRef = BF84B3E3285D24C800CAD364 /* carOnlineDatabase.sqli */; };
		BF879AE728554EC2008F24E0 /* ProfileCarViewController.swift in Sources */ = {isa = PBXBuildFile; fileRef = BF879AE628554EC2008F24E0 /* ProfileCarViewController.swift */; };
		BF879AE928556211008F24E0 /* IndicatorView.swift in Sources */ = {isa = PBXBuildFile; fileRef = BF879AE828556211008F24E0 /* IndicatorView.swift */; };
		BF879AEB2855621A008F24E0 /* IndicatorView.xib in Resources */ = {isa = PBXBuildFile; fileRef = BF879AEA2855621A008F24E0 /* IndicatorView.xib */; };
		BF879AF52855D92F008F24E0 /* carLoad.json in Resources */ = {isa = PBXBuildFile; fileRef = BF879AF42855D92F008F24E0 /* carLoad.json */; };
		BF879AF72855D9CF008F24E0 /* IndicatorManager.swift in Sources */ = {isa = PBXBuildFile; fileRef = BF879AF62855D9CF008F24E0 /* IndicatorManager.swift */; };
		BF94B88227EF93D5007E8618 /* ExtensionTextField.swift in Sources */ = {isa = PBXBuildFile; fileRef = BF94B88127EF93D5007E8618 /* ExtensionTextField.swift */; };
		BF94B88527EFCBC8007E8618 /* FirebaseManager.swift in Sources */ = {isa = PBXBuildFile; fileRef = BF94B88427EFCBC8007E8618 /* FirebaseManager.swift */; };
		BF94B88727EFCFB1007E8618 /* RegisterModel.swift in Sources */ = {isa = PBXBuildFile; fileRef = BF94B88627EFCFB1007E8618 /* RegisterModel.swift */; };
		BF99A00128EA24B900F9FAF8 /* MyCarListViewController.swift in Sources */ = {isa = PBXBuildFile; fileRef = BF99A00028EA24B900F9FAF8 /* MyCarListViewController.swift */; };
		BFB6E2F62853F7F0005BB7C0 /* SocialUsersTableViewCell.swift in Sources */ = {isa = PBXBuildFile; fileRef = BFB6E2F42853F7F0005BB7C0 /* SocialUsersTableViewCell.swift */; };
		BFB6E2F72853F7F0005BB7C0 /* SocialUsersTableViewCell.xib in Resources */ = {isa = PBXBuildFile; fileRef = BFB6E2F52853F7F0005BB7C0 /* SocialUsersTableViewCell.xib */; };
		BFB6E2F92853F805005BB7C0 /* ExtensionUITableViewCell.swift in Sources */ = {isa = PBXBuildFile; fileRef = BFB6E2F82853F805005BB7C0 /* ExtensionUITableViewCell.swift */; };
		BFB6E2FB28540334005BB7C0 /* SocialUsersViewController.swift in Sources */ = {isa = PBXBuildFile; fileRef = BFB6E2FA28540334005BB7C0 /* SocialUsersViewController.swift */; };
		BFD1D10628F2E4AE00F46033 /* AddCarViewController.swift in Sources */ = {isa = PBXBuildFile; fileRef = BFD1D10428F2E4AE00F46033 /* AddCarViewController.swift */; };
		BFD1D10728F2E4AE00F46033 /* AddCarViewController.xib in Resources */ = {isa = PBXBuildFile; fileRef = BFD1D10528F2E4AE00F46033 /* AddCarViewController.xib */; };
		BFF326AF27FA44D90011659B /* Defaults.swift in Sources */ = {isa = PBXBuildFile; fileRef = BFF326AE27FA44D90011659B /* Defaults.swift */; };
		BFFDAA6E285F87F400D483E5 /* CustomTabbarController.swift in Sources */ = {isa = PBXBuildFile; fileRef = BFFDAA6D285F87F400D483E5 /* CustomTabbarController.swift */; };
		BFFFAB7F2861D4A100557D00 /* PhotoLibrary.swift in Sources */ = {isa = PBXBuildFile; fileRef = BFFFAB7E2861D4A100557D00 /* PhotoLibrary.swift */; };
/* End PBXBuildFile section */

/* Begin PBXContainerItemProxy section */
		BF648FE725A2482F00A507F4 /* PBXContainerItemProxy */ = {
			isa = PBXContainerItemProxy;
			containerPortal = BF648FC825A2482C00A507F4 /* Project object */;
			proxyType = 1;
			remoteGlobalIDString = BF648FCF25A2482D00A507F4;
			remoteInfo = "Roll Time";
		};
		BF648FF225A2482F00A507F4 /* PBXContainerItemProxy */ = {
			isa = PBXContainerItemProxy;
			containerPortal = BF648FC825A2482C00A507F4 /* Project object */;
			proxyType = 1;
			remoteGlobalIDString = BF648FCF25A2482D00A507F4;
			remoteInfo = "Roll Time";
		};
/* End PBXContainerItemProxy section */

/* Begin PBXFileReference section */
		2C03253C6DBB740C72A70CDB /* Pods_Roll_Time.framework */ = {isa = PBXFileReference; explicitFileType = wrapper.framework; includeInIndex = 0; path = Pods_Roll_Time.framework; sourceTree = BUILT_PRODUCTS_DIR; };
		67EF9A43B473DE039B0C1340 /* Pods-Roll Time.debug.xcconfig */ = {isa = PBXFileReference; includeInIndex = 1; lastKnownFileType = text.xcconfig; name = "Pods-Roll Time.debug.xcconfig"; path = "Target Support Files/Pods-Roll Time/Pods-Roll Time.debug.xcconfig"; sourceTree = "<group>"; };
		9E4D2AFBB97E6D1E9FEB8CF6 /* Pods-Roll Time.release.xcconfig */ = {isa = PBXFileReference; includeInIndex = 1; lastKnownFileType = text.xcconfig; name = "Pods-Roll Time.release.xcconfig"; path = "Target Support Files/Pods-Roll Time/Pods-Roll Time.release.xcconfig"; sourceTree = "<group>"; };
		BF04658927F06744003A8847 /* GoogleService-Info.plist */ = {isa = PBXFileReference; fileEncoding = 4; lastKnownFileType = text.plist.xml; path = "GoogleService-Info.plist"; sourceTree = "<group>"; };
		BF0A1B6A285927B900EE73DA /* ExtensionViewController.swift */ = {isa = PBXFileReference; lastKnownFileType = sourcecode.swift; path = ExtensionViewController.swift; sourceTree = "<group>"; };
		BF0A1EE22863BD3900F04387 /* ADSProvider.swift */ = {isa = PBXFileReference; lastKnownFileType = sourcecode.swift; path = ADSProvider.swift; sourceTree = "<group>"; };
		BF0A1EE42863BD8800F04387 /* UnifiedNativeAdCell.xib */ = {isa = PBXFileReference; lastKnownFileType = file.xib; path = UnifiedNativeAdCell.xib; sourceTree = "<group>"; };
		BF12953927DD051F00B1C255 /* RouteViewController.swift */ = {isa = PBXFileReference; lastKnownFileType = sourcecode.swift; path = RouteViewController.swift; sourceTree = "<group>"; };
		BF12953F27DD05F500B1C255 /* Constants.swift */ = {isa = PBXFileReference; lastKnownFileType = sourcecode.swift; path = Constants.swift; sourceTree = "<group>"; };
		BF12954127DD158500B1C255 /* speedmeter.json */ = {isa = PBXFileReference; fileEncoding = 4; lastKnownFileType = text.json; path = speedmeter.json; sourceTree = "<group>"; };
		BF12955227DD6D9700B1C255 /* RegisterViewController.swift */ = {isa = PBXFileReference; lastKnownFileType = sourcecode.swift; path = RegisterViewController.swift; sourceTree = "<group>"; };
		BF12955327DD6D9700B1C255 /* RegisterViewController.xib */ = {isa = PBXFileReference; lastKnownFileType = file.xib; path = RegisterViewController.xib; sourceTree = "<group>"; };
		BF238BD027DE241D00134184 /* DBConnection.swift */ = {isa = PBXFileReference; lastKnownFileType = sourcecode.swift; path = DBConnection.swift; sourceTree = "<group>"; };
		BF238BD227DE2FD500134184 /* BrandModel.swift */ = {isa = PBXFileReference; lastKnownFileType = sourcecode.swift; path = BrandModel.swift; sourceTree = "<group>"; };
		BF238BD427DE304D00134184 /* CarModel.swift */ = {isa = PBXFileReference; lastKnownFileType = sourcecode.swift; path = CarModel.swift; sourceTree = "<group>"; };
		BF238BD627DE3BD400134184 /* ExtensionUIButton.swift */ = {isa = PBXFileReference; lastKnownFileType = sourcecode.swift; path = ExtensionUIButton.swift; sourceTree = "<group>"; };
		BF238BD927DE3CD700134184 /* ImageViewPicker.swift */ = {isa = PBXFileReference; lastKnownFileType = sourcecode.swift; path = ImageViewPicker.swift; sourceTree = "<group>"; };
		BF238BDB27DE3F0100134184 /* BaseUIViewController.swift */ = {isa = PBXFileReference; lastKnownFileType = sourcecode.swift; path = BaseUIViewController.swift; sourceTree = "<group>"; };
		BF2B087E27F30B7800053B3C /* ExtensionString.swift */ = {isa = PBXFileReference; lastKnownFileType = sourcecode.swift; path = ExtensionString.swift; sourceTree = "<group>"; };
		BF2B088027F3533900053B3C /* ExtensionUIView.swift */ = {isa = PBXFileReference; lastKnownFileType = sourcecode.swift; path = ExtensionUIView.swift; sourceTree = "<group>"; };
		BF2B088627F3ADBE00053B3C /* Roll Time.entitlements */ = {isa = PBXFileReference; lastKnownFileType = text.plist.entitlements; path = "Roll Time.entitlements"; sourceTree = "<group>"; };
		BF44F6CA285A847800BC2AA4 /* LocationManager.swift */ = {isa = PBXFileReference; lastKnownFileType = sourcecode.swift; path = LocationManager.swift; sourceTree = "<group>"; };
		BF44F6CC285A84B300BC2AA4 /* ExtensionUIApplication.swift */ = {isa = PBXFileReference; lastKnownFileType = sourcecode.swift; path = ExtensionUIApplication.swift; sourceTree = "<group>"; };
		BF648FD025A2482D00A507F4 /* Roll Time.app */ = {isa = PBXFileReference; explicitFileType = wrapper.application; includeInIndex = 0; path = "Roll Time.app"; sourceTree = BUILT_PRODUCTS_DIR; };
		BF648FD325A2482D00A507F4 /* AppDelegate.swift */ = {isa = PBXFileReference; lastKnownFileType = sourcecode.swift; path = AppDelegate.swift; sourceTree = "<group>"; };
		BF648FD725A2482D00A507F4 /* MainViewController.swift */ = {isa = PBXFileReference; lastKnownFileType = sourcecode.swift; path = MainViewController.swift; sourceTree = "<group>"; };
		BF648FDA25A2482D00A507F4 /* Base */ = {isa = PBXFileReference; lastKnownFileType = file.storyboard; name = Base; path = Base.lproj/Main.storyboard; sourceTree = "<group>"; };
		BF648FDC25A2482E00A507F4 /* Assets.xcassets */ = {isa = PBXFileReference; lastKnownFileType = folder.assetcatalog; path = Assets.xcassets; sourceTree = "<group>"; };
		BF648FDF25A2482E00A507F4 /* Base */ = {isa = PBXFileReference; lastKnownFileType = file.storyboard; name = Base; path = Base.lproj/LaunchScreen.storyboard; sourceTree = "<group>"; };
		BF648FE125A2482E00A507F4 /* Info.plist */ = {isa = PBXFileReference; lastKnownFileType = text.plist.xml; path = Info.plist; sourceTree = "<group>"; };
		BF648FE625A2482F00A507F4 /* Roll TimeTests.xctest */ = {isa = PBXFileReference; explicitFileType = wrapper.cfbundle; includeInIndex = 0; path = "Roll TimeTests.xctest"; sourceTree = BUILT_PRODUCTS_DIR; };
		BF648FEA25A2482F00A507F4 /* Roll_TimeTests.swift */ = {isa = PBXFileReference; lastKnownFileType = sourcecode.swift; path = Roll_TimeTests.swift; sourceTree = "<group>"; };
		BF648FEC25A2482F00A507F4 /* Info.plist */ = {isa = PBXFileReference; lastKnownFileType = text.plist.xml; path = Info.plist; sourceTree = "<group>"; };
		BF648FF125A2482F00A507F4 /* Roll TimeUITests.xctest */ = {isa = PBXFileReference; explicitFileType = wrapper.cfbundle; includeInIndex = 0; path = "Roll TimeUITests.xctest"; sourceTree = BUILT_PRODUCTS_DIR; };
		BF648FF525A2482F00A507F4 /* Roll_TimeUITests.swift */ = {isa = PBXFileReference; lastKnownFileType = sourcecode.swift; path = Roll_TimeUITests.swift; sourceTree = "<group>"; };
		BF648FF725A2482F00A507F4 /* Info.plist */ = {isa = PBXFileReference; lastKnownFileType = text.plist.xml; path = Info.plist; sourceTree = "<group>"; };
		BF84B3E3285D24C800CAD364 /* carOnlineDatabase.sqli */ = {isa = PBXFileReference; lastKnownFileType = file; path = carOnlineDatabase.sqli; sourceTree = "<group>"; };
		BF879AE628554EC2008F24E0 /* ProfileCarViewController.swift */ = {isa = PBXFileReference; lastKnownFileType = sourcecode.swift; path = ProfileCarViewController.swift; sourceTree = "<group>"; };
		BF879AE828556211008F24E0 /* IndicatorView.swift */ = {isa = PBXFileReference; lastKnownFileType = sourcecode.swift; path = IndicatorView.swift; sourceTree = "<group>"; };
		BF879AEA2855621A008F24E0 /* IndicatorView.xib */ = {isa = PBXFileReference; lastKnownFileType = file.xib; path = IndicatorView.xib; sourceTree = "<group>"; };
		BF879AF42855D92F008F24E0 /* carLoad.json */ = {isa = PBXFileReference; fileEncoding = 4; lastKnownFileType = text.json; path = carLoad.json; sourceTree = "<group>"; };
		BF879AF62855D9CF008F24E0 /* IndicatorManager.swift */ = {isa = PBXFileReference; lastKnownFileType = sourcecode.swift; path = IndicatorManager.swift; sourceTree = "<group>"; };
		BF94B88127EF93D5007E8618 /* ExtensionTextField.swift */ = {isa = PBXFileReference; lastKnownFileType = sourcecode.swift; path = ExtensionTextField.swift; sourceTree = "<group>"; };
		BF94B88427EFCBC8007E8618 /* FirebaseManager.swift */ = {isa = PBXFileReference; lastKnownFileType = sourcecode.swift; path = FirebaseManager.swift; sourceTree = "<group>"; };
		BF94B88627EFCFB1007E8618 /* RegisterModel.swift */ = {isa = PBXFileReference; lastKnownFileType = sourcecode.swift; path = RegisterModel.swift; sourceTree = "<group>"; };
		BF99A00028EA24B900F9FAF8 /* MyCarListViewController.swift */ = {isa = PBXFileReference; lastKnownFileType = sourcecode.swift; path = MyCarListViewController.swift; sourceTree = "<group>"; };
		BFB6E2F42853F7F0005BB7C0 /* SocialUsersTableViewCell.swift */ = {isa = PBXFileReference; lastKnownFileType = sourcecode.swift; path = SocialUsersTableViewCell.swift; sourceTree = "<group>"; };
		BFB6E2F52853F7F0005BB7C0 /* SocialUsersTableViewCell.xib */ = {isa = PBXFileReference; lastKnownFileType = file.xib; path = SocialUsersTableViewCell.xib; sourceTree = "<group>"; };
		BFB6E2F82853F805005BB7C0 /* ExtensionUITableViewCell.swift */ = {isa = PBXFileReference; lastKnownFileType = sourcecode.swift; path = ExtensionUITableViewCell.swift; sourceTree = "<group>"; };
		BFB6E2FA28540334005BB7C0 /* SocialUsersViewController.swift */ = {isa = PBXFileReference; lastKnownFileType = sourcecode.swift; path = SocialUsersViewController.swift; sourceTree = "<group>"; };
		BFD1D10428F2E4AE00F46033 /* AddCarViewController.swift */ = {isa = PBXFileReference; lastKnownFileType = sourcecode.swift; path = AddCarViewController.swift; sourceTree = "<group>"; };
		BFD1D10528F2E4AE00F46033 /* AddCarViewController.xib */ = {isa = PBXFileReference; lastKnownFileType = file.xib; path = AddCarViewController.xib; sourceTree = "<group>"; };
		BFF326AE27FA44D90011659B /* Defaults.swift */ = {isa = PBXFileReference; lastKnownFileType = sourcecode.swift; path = Defaults.swift; sourceTree = "<group>"; };
		BFFDAA6D285F87F400D483E5 /* CustomTabbarController.swift */ = {isa = PBXFileReference; lastKnownFileType = sourcecode.swift; path = CustomTabbarController.swift; sourceTree = "<group>"; };
		BFFFAB7E2861D4A100557D00 /* PhotoLibrary.swift */ = {isa = PBXFileReference; lastKnownFileType = sourcecode.swift; path = PhotoLibrary.swift; sourceTree = "<group>"; };
/* End PBXFileReference section */

/* Begin PBXFrameworksBuildPhase section */
		BF648FCD25A2482D00A507F4 /* Frameworks */ = {
			isa = PBXFrameworksBuildPhase;
			buildActionMask = 2147483647;
			files = (
				55E010BCFA796DE13BB976DD /* Pods_Roll_Time.framework in Frameworks */,
			);
			runOnlyForDeploymentPostprocessing = 0;
		};
		BF648FE325A2482F00A507F4 /* Frameworks */ = {
			isa = PBXFrameworksBuildPhase;
			buildActionMask = 2147483647;
			files = (
			);
			runOnlyForDeploymentPostprocessing = 0;
		};
		BF648FEE25A2482F00A507F4 /* Frameworks */ = {
			isa = PBXFrameworksBuildPhase;
			buildActionMask = 2147483647;
			files = (
			);
			runOnlyForDeploymentPostprocessing = 0;
		};
/* End PBXFrameworksBuildPhase section */

/* Begin PBXGroup section */
		13B13E301259FD46F6E8CBC7 /* Pods */ = {
			isa = PBXGroup;
			children = (
				67EF9A43B473DE039B0C1340 /* Pods-Roll Time.debug.xcconfig */,
				9E4D2AFBB97E6D1E9FEB8CF6 /* Pods-Roll Time.release.xcconfig */,
			);
			path = Pods;
			sourceTree = "<group>";
		};
		47604D0AC2987CCF105E0044 /* Frameworks */ = {
			isa = PBXGroup;
			children = (
				2C03253C6DBB740C72A70CDB /* Pods_Roll_Time.framework */,
			);
			name = Frameworks;
			sourceTree = "<group>";
		};
		BF12953B27DD059E00B1C255 /* Controller */ = {
			isa = PBXGroup;
			children = (
				BF648FD725A2482D00A507F4 /* MainViewController.swift */,
				BF12953927DD051F00B1C255 /* RouteViewController.swift */,
				BF12955227DD6D9700B1C255 /* RegisterViewController.swift */,
				BF12955327DD6D9700B1C255 /* RegisterViewController.xib */,
				BF238BDB27DE3F0100134184 /* BaseUIViewController.swift */,
				BFB6E2FA28540334005BB7C0 /* SocialUsersViewController.swift */,
				BF879AE628554EC2008F24E0 /* ProfileCarViewController.swift */,
				BFFDAA6D285F87F400D483E5 /* CustomTabbarController.swift */,
				BF99A00028EA24B900F9FAF8 /* MyCarListViewController.swift */,
				BFD1D10428F2E4AE00F46033 /* AddCarViewController.swift */,
				BFD1D10528F2E4AE00F46033 /* AddCarViewController.xib */,
			);
			path = Controller;
			sourceTree = "<group>";
		};
		BF12953C27DD05A300B1C255 /* Model */ = {
			isa = PBXGroup;
			children = (
				BF238BD227DE2FD500134184 /* BrandModel.swift */,
				BF238BD427DE304D00134184 /* CarModel.swift */,
				BF94B88627EFCFB1007E8618 /* RegisterModel.swift */,
			);
			path = Model;
			sourceTree = "<group>";
		};
		BF12953D27DD05A800B1C255 /* View */ = {
			isa = PBXGroup;
			children = (
				BF879AE828556211008F24E0 /* IndicatorView.swift */,
				BF879AEA2855621A008F24E0 /* IndicatorView.xib */,
			);
			path = View;
			sourceTree = "<group>";
		};
		BF12953E27DD05E400B1C255 /* Util */ = {
			isa = PBXGroup;
			children = (
				BF238BD927DE3CD700134184 /* ImageViewPicker.swift */,
				BF12953F27DD05F500B1C255 /* Constants.swift */,
				BF238BD027DE241D00134184 /* DBConnection.swift */,
				BFF326AE27FA44D90011659B /* Defaults.swift */,
				BF879AF62855D9CF008F24E0 /* IndicatorManager.swift */,
				BF44F6CA285A847800BC2AA4 /* LocationManager.swift */,
				BFFFAB7E2861D4A100557D00 /* PhotoLibrary.swift */,
				BF0A1EE22863BD3900F04387 /* ADSProvider.swift */,
			);
			path = Util;
			sourceTree = "<group>";
		};
		BF238BD827DE3C2F00134184 /* Extension */ = {
			isa = PBXGroup;
			children = (
				BF238BD627DE3BD400134184 /* ExtensionUIButton.swift */,
				BF94B88127EF93D5007E8618 /* ExtensionTextField.swift */,
				BF2B087E27F30B7800053B3C /* ExtensionString.swift */,
				BF2B088027F3533900053B3C /* ExtensionUIView.swift */,
				BFB6E2F82853F805005BB7C0 /* ExtensionUITableViewCell.swift */,
				BF0A1B6A285927B900EE73DA /* ExtensionViewController.swift */,
				BF44F6CC285A84B300BC2AA4 /* ExtensionUIApplication.swift */,
			);
			path = Extension;
			sourceTree = "<group>";
		};
		BF648FC725A2482C00A507F4 = {
			isa = PBXGroup;
			children = (
				BF648FD225A2482D00A507F4 /* Roll Time */,
				BF648FE925A2482F00A507F4 /* Roll TimeTests */,
				BF648FF425A2482F00A507F4 /* Roll TimeUITests */,
				BF648FD125A2482D00A507F4 /* Products */,
				47604D0AC2987CCF105E0044 /* Frameworks */,
				13B13E301259FD46F6E8CBC7 /* Pods */,
			);
			sourceTree = "<group>";
		};
		BF648FD125A2482D00A507F4 /* Products */ = {
			isa = PBXGroup;
			children = (
				BF648FD025A2482D00A507F4 /* Roll Time.app */,
				BF648FE625A2482F00A507F4 /* Roll TimeTests.xctest */,
				BF648FF125A2482F00A507F4 /* Roll TimeUITests.xctest */,
			);
			name = Products;
			sourceTree = "<group>";
		};
		BF648FD225A2482D00A507F4 /* Roll Time */ = {
			isa = PBXGroup;
			children = (
				BF84B3E3285D24C800CAD364 /* carOnlineDatabase.sqli */,
				BF879AF42855D92F008F24E0 /* carLoad.json */,
				BFB6E2F32853F7D6005BB7C0 /* Cell */,
				BF2B088627F3ADBE00053B3C /* Roll Time.entitlements */,
				BF04658927F06744003A8847 /* GoogleService-Info.plist */,
				BF94B88327EFCBB4007E8618 /* Firebase */,
				BF238BD827DE3C2F00134184 /* Extension */,
				BF12954127DD158500B1C255 /* speedmeter.json */,
				BF12953E27DD05E400B1C255 /* Util */,
				BF12953D27DD05A800B1C255 /* View */,
				BF12953C27DD05A300B1C255 /* Model */,
				BF12953B27DD059E00B1C255 /* Controller */,
				BF648FD325A2482D00A507F4 /* AppDelegate.swift */,
				BF648FD925A2482D00A507F4 /* Main.storyboard */,
				BF648FDC25A2482E00A507F4 /* Assets.xcassets */,
				BF648FDE25A2482E00A507F4 /* LaunchScreen.storyboard */,
				BF648FE125A2482E00A507F4 /* Info.plist */,
			);
			path = "Roll Time";
			sourceTree = "<group>";
		};
		BF648FE925A2482F00A507F4 /* Roll TimeTests */ = {
			isa = PBXGroup;
			children = (
				BF648FEA25A2482F00A507F4 /* Roll_TimeTests.swift */,
				BF648FEC25A2482F00A507F4 /* Info.plist */,
			);
			path = "Roll TimeTests";
			sourceTree = "<group>";
		};
		BF648FF425A2482F00A507F4 /* Roll TimeUITests */ = {
			isa = PBXGroup;
			children = (
				BF648FF525A2482F00A507F4 /* Roll_TimeUITests.swift */,
				BF648FF725A2482F00A507F4 /* Info.plist */,
			);
			path = "Roll TimeUITests";
			sourceTree = "<group>";
		};
		BF94B88327EFCBB4007E8618 /* Firebase */ = {
			isa = PBXGroup;
			children = (
				BF94B88427EFCBC8007E8618 /* FirebaseManager.swift */,
			);
			path = Firebase;
			sourceTree = "<group>";
		};
		BFB6E2F32853F7D6005BB7C0 /* Cell */ = {
			isa = PBXGroup;
			children = (
				BFB6E2F42853F7F0005BB7C0 /* SocialUsersTableViewCell.swift */,
				BFB6E2F52853F7F0005BB7C0 /* SocialUsersTableViewCell.xib */,
				BF0A1EE42863BD8800F04387 /* UnifiedNativeAdCell.xib */,
			);
			path = Cell;
			sourceTree = "<group>";
		};
/* End PBXGroup section */

/* Begin PBXNativeTarget section */
		BF648FCF25A2482D00A507F4 /* Roll Time */ = {
			isa = PBXNativeTarget;
			buildConfigurationList = BF648FFA25A2482F00A507F4 /* Build configuration list for PBXNativeTarget "Roll Time" */;
			buildPhases = (
				F2F617CD43BF83A32665262E /* [CP] Check Pods Manifest.lock */,
				BF648FCC25A2482D00A507F4 /* Sources */,
				BF648FCD25A2482D00A507F4 /* Frameworks */,
				BF648FCE25A2482D00A507F4 /* Resources */,
				3BC938D29F0D315C930623A9 /* [CP] Embed Pods Frameworks */,
			);
			buildRules = (
			);
			dependencies = (
			);
			name = "Roll Time";
			productName = "Roll Time";
			productReference = BF648FD025A2482D00A507F4 /* Roll Time.app */;
			productType = "com.apple.product-type.application";
		};
		BF648FE525A2482F00A507F4 /* Roll TimeTests */ = {
			isa = PBXNativeTarget;
			buildConfigurationList = BF648FFD25A2482F00A507F4 /* Build configuration list for PBXNativeTarget "Roll TimeTests" */;
			buildPhases = (
				BF648FE225A2482F00A507F4 /* Sources */,
				BF648FE325A2482F00A507F4 /* Frameworks */,
				BF648FE425A2482F00A507F4 /* Resources */,
			);
			buildRules = (
			);
			dependencies = (
				BF648FE825A2482F00A507F4 /* PBXTargetDependency */,
			);
			name = "Roll TimeTests";
			productName = "Roll TimeTests";
			productReference = BF648FE625A2482F00A507F4 /* Roll TimeTests.xctest */;
			productType = "com.apple.product-type.bundle.unit-test";
		};
		BF648FF025A2482F00A507F4 /* Roll TimeUITests */ = {
			isa = PBXNativeTarget;
			buildConfigurationList = BF64900025A2482F00A507F4 /* Build configuration list for PBXNativeTarget "Roll TimeUITests" */;
			buildPhases = (
				BF648FED25A2482F00A507F4 /* Sources */,
				BF648FEE25A2482F00A507F4 /* Frameworks */,
				BF648FEF25A2482F00A507F4 /* Resources */,
			);
			buildRules = (
			);
			dependencies = (
				BF648FF325A2482F00A507F4 /* PBXTargetDependency */,
			);
			name = "Roll TimeUITests";
			productName = "Roll TimeUITests";
			productReference = BF648FF125A2482F00A507F4 /* Roll TimeUITests.xctest */;
			productType = "com.apple.product-type.bundle.ui-testing";
		};
/* End PBXNativeTarget section */

/* Begin PBXProject section */
		BF648FC825A2482C00A507F4 /* Project object */ = {
			isa = PBXProject;
			attributes = {
				LastSwiftUpdateCheck = 1210;
				LastUpgradeCheck = 1210;
				TargetAttributes = {
					BF648FCF25A2482D00A507F4 = {
						CreatedOnToolsVersion = 12.1;
					};
					BF648FE525A2482F00A507F4 = {
						CreatedOnToolsVersion = 12.1;
						TestTargetID = BF648FCF25A2482D00A507F4;
					};
					BF648FF025A2482F00A507F4 = {
						CreatedOnToolsVersion = 12.1;
						TestTargetID = BF648FCF25A2482D00A507F4;
					};
				};
			};
			buildConfigurationList = BF648FCB25A2482C00A507F4 /* Build configuration list for PBXProject "Roll Time" */;
			compatibilityVersion = "Xcode 9.3";
			developmentRegion = en;
			hasScannedForEncodings = 0;
			knownRegions = (
				en,
				Base,
			);
			mainGroup = BF648FC725A2482C00A507F4;
			productRefGroup = BF648FD125A2482D00A507F4 /* Products */;
			projectDirPath = "";
			projectRoot = "";
			targets = (
				BF648FCF25A2482D00A507F4 /* Roll Time */,
				BF648FE525A2482F00A507F4 /* Roll TimeTests */,
				BF648FF025A2482F00A507F4 /* Roll TimeUITests */,
			);
		};
/* End PBXProject section */

/* Begin PBXResourcesBuildPhase section */
		BF648FCE25A2482D00A507F4 /* Resources */ = {
			isa = PBXResourcesBuildPhase;
			buildActionMask = 2147483647;
			files = (
				BF12954227DD158500B1C255 /* speedmeter.json in Resources */,
				BF12955527DD6D9700B1C255 /* RegisterViewController.xib in Resources */,
				BF648FE025A2482E00A507F4 /* LaunchScreen.storyboard in Resources */,
				BFD1D10728F2E4AE00F46033 /* AddCarViewController.xib in Resources */,
				BF84B3E4285D24C800CAD364 /* carOnlineDatabase.sqli in Resources */,
				BF879AF52855D92F008F24E0 /* carLoad.json in Resources */,
				BF879AEB2855621A008F24E0 /* IndicatorView.xib in Resources */,
				BF648FDD25A2482E00A507F4 /* Assets.xcassets in Resources */,
				BFB6E2F72853F7F0005BB7C0 /* SocialUsersTableViewCell.xib in Resources */,
				BF0A1EE52863BD8800F04387 /* UnifiedNativeAdCell.xib in Resources */,
				BF648FDB25A2482D00A507F4 /* Main.storyboard in Resources */,
				BF04658A27F06744003A8847 /* GoogleService-Info.plist in Resources */,
			);
			runOnlyForDeploymentPostprocessing = 0;
		};
		BF648FE425A2482F00A507F4 /* Resources */ = {
			isa = PBXResourcesBuildPhase;
			buildActionMask = 2147483647;
			files = (
			);
			runOnlyForDeploymentPostprocessing = 0;
		};
		BF648FEF25A2482F00A507F4 /* Resources */ = {
			isa = PBXResourcesBuildPhase;
			buildActionMask = 2147483647;
			files = (
			);
			runOnlyForDeploymentPostprocessing = 0;
		};
/* End PBXResourcesBuildPhase section */

/* Begin PBXShellScriptBuildPhase section */
		3BC938D29F0D315C930623A9 /* [CP] Embed Pods Frameworks */ = {
			isa = PBXShellScriptBuildPhase;
			buildActionMask = 2147483647;
			files = (
			);
			inputFileListPaths = (
				"${PODS_ROOT}/Target Support Files/Pods-Roll Time/Pods-Roll Time-frameworks-${CONFIGURATION}-input-files.xcfilelist",
			);
			name = "[CP] Embed Pods Frameworks";
			outputFileListPaths = (
				"${PODS_ROOT}/Target Support Files/Pods-Roll Time/Pods-Roll Time-frameworks-${CONFIGURATION}-output-files.xcfilelist",
			);
			runOnlyForDeploymentPostprocessing = 0;
			shellPath = /bin/sh;
			shellScript = "\"${PODS_ROOT}/Target Support Files/Pods-Roll Time/Pods-Roll Time-frameworks.sh\"\n";
			showEnvVarsInLog = 0;
		};
		F2F617CD43BF83A32665262E /* [CP] Check Pods Manifest.lock */ = {
			isa = PBXShellScriptBuildPhase;
			buildActionMask = 2147483647;
			files = (
			);
			inputFileListPaths = (
			);
			inputPaths = (
				"${PODS_PODFILE_DIR_PATH}/Podfile.lock",
				"${PODS_ROOT}/Manifest.lock",
			);
			name = "[CP] Check Pods Manifest.lock";
			outputFileListPaths = (
			);
			outputPaths = (
				"$(DERIVED_FILE_DIR)/Pods-Roll Time-checkManifestLockResult.txt",
			);
			runOnlyForDeploymentPostprocessing = 0;
			shellPath = /bin/sh;
			shellScript = "diff \"${PODS_PODFILE_DIR_PATH}/Podfile.lock\" \"${PODS_ROOT}/Manifest.lock\" > /dev/null\nif [ $? != 0 ] ; then\n    # print error to STDERR\n    echo \"error: The sandbox is not in sync with the Podfile.lock. Run 'pod install' or update your CocoaPods installation.\" >&2\n    exit 1\nfi\n# This output is used by Xcode 'outputs' to avoid re-running this script phase.\necho \"SUCCESS\" > \"${SCRIPT_OUTPUT_FILE_0}\"\n";
			showEnvVarsInLog = 0;
		};
/* End PBXShellScriptBuildPhase section */

/* Begin PBXSourcesBuildPhase section */
		BF648FCC25A2482D00A507F4 /* Sources */ = {
			isa = PBXSourcesBuildPhase;
			buildActionMask = 2147483647;
			files = (
				BF94B88527EFCBC8007E8618 /* FirebaseManager.swift in Sources */,
				BFB6E2F62853F7F0005BB7C0 /* SocialUsersTableViewCell.swift in Sources */,
				BF44F6CB285A847800BC2AA4 /* LocationManager.swift in Sources */,
				BF238BD527DE304D00134184 /* CarModel.swift in Sources */,
				BFFFAB7F2861D4A100557D00 /* PhotoLibrary.swift in Sources */,
				BF94B88227EF93D5007E8618 /* ExtensionTextField.swift in Sources */,
				BF0A1EE32863BD3900F04387 /* ADSProvider.swift in Sources */,
				BF879AE928556211008F24E0 /* IndicatorView.swift in Sources */,
				BF648FD825A2482D00A507F4 /* MainViewController.swift in Sources */,
				BFFDAA6E285F87F400D483E5 /* CustomTabbarController.swift in Sources */,
				BF879AF72855D9CF008F24E0 /* IndicatorManager.swift in Sources */,
				BF12955427DD6D9700B1C255 /* RegisterViewController.swift in Sources */,
				BFB6E2FB28540334005BB7C0 /* SocialUsersViewController.swift in Sources */,
				BF2B087F27F30B7800053B3C /* ExtensionString.swift in Sources */,
				BF2B088127F3533900053B3C /* ExtensionUIView.swift in Sources */,
				BF238BDC27DE3F0100134184 /* BaseUIViewController.swift in Sources */,
				BF648FD425A2482D00A507F4 /* AppDelegate.swift in Sources */,
				BF879AE728554EC2008F24E0 /* ProfileCarViewController.swift in Sources */,
				BFB6E2F92853F805005BB7C0 /* ExtensionUITableViewCell.swift in Sources */,
				BF44F6CD285A84B300BC2AA4 /* ExtensionUIApplication.swift in Sources */,
				BF238BD127DE241D00134184 /* DBConnection.swift in Sources */,
				BF99A00128EA24B900F9FAF8 /* MyCarListViewController.swift in Sources */,
				BF94B88727EFCFB1007E8618 /* RegisterModel.swift in Sources */,
				BFF326AF27FA44D90011659B /* Defaults.swift in Sources */,
				BF238BD727DE3BD400134184 /* ExtensionUIButton.swift in Sources */,
				BFD1D10628F2E4AE00F46033 /* AddCarViewController.swift in Sources */,
				BF238BDA27DE3CD700134184 /* ImageViewPicker.swift in Sources */,
				BF0A1B6B285927B900EE73DA /* ExtensionViewController.swift in Sources */,
				BF12953A27DD051F00B1C255 /* RouteViewController.swift in Sources */,
				BF12954027DD05F500B1C255 /* Constants.swift in Sources */,
				BF238BD327DE2FD500134184 /* BrandModel.swift in Sources */,
			);
			runOnlyForDeploymentPostprocessing = 0;
		};
		BF648FE225A2482F00A507F4 /* Sources */ = {
			isa = PBXSourcesBuildPhase;
			buildActionMask = 2147483647;
			files = (
				BF648FEB25A2482F00A507F4 /* Roll_TimeTests.swift in Sources */,
			);
			runOnlyForDeploymentPostprocessing = 0;
		};
		BF648FED25A2482F00A507F4 /* Sources */ = {
			isa = PBXSourcesBuildPhase;
			buildActionMask = 2147483647;
			files = (
				BF648FF625A2482F00A507F4 /* Roll_TimeUITests.swift in Sources */,
			);
			runOnlyForDeploymentPostprocessing = 0;
		};
/* End PBXSourcesBuildPhase section */

/* Begin PBXTargetDependency section */
		BF648FE825A2482F00A507F4 /* PBXTargetDependency */ = {
			isa = PBXTargetDependency;
			target = BF648FCF25A2482D00A507F4 /* Roll Time */;
			targetProxy = BF648FE725A2482F00A507F4 /* PBXContainerItemProxy */;
		};
		BF648FF325A2482F00A507F4 /* PBXTargetDependency */ = {
			isa = PBXTargetDependency;
			target = BF648FCF25A2482D00A507F4 /* Roll Time */;
			targetProxy = BF648FF225A2482F00A507F4 /* PBXContainerItemProxy */;
		};
/* End PBXTargetDependency section */

/* Begin PBXVariantGroup section */
		BF648FD925A2482D00A507F4 /* Main.storyboard */ = {
			isa = PBXVariantGroup;
			children = (
				BF648FDA25A2482D00A507F4 /* Base */,
			);
			name = Main.storyboard;
			sourceTree = "<group>";
		};
		BF648FDE25A2482E00A507F4 /* LaunchScreen.storyboard */ = {
			isa = PBXVariantGroup;
			children = (
				BF648FDF25A2482E00A507F4 /* Base */,
			);
			name = LaunchScreen.storyboard;
			sourceTree = "<group>";
		};
/* End PBXVariantGroup section */

/* Begin XCBuildConfiguration section */
		BF648FF825A2482F00A507F4 /* Debug */ = {
			isa = XCBuildConfiguration;
			buildSettings = {
				ALWAYS_SEARCH_USER_PATHS = NO;
				CLANG_ANALYZER_NONNULL = YES;
				CLANG_ANALYZER_NUMBER_OBJECT_CONVERSION = YES_AGGRESSIVE;
				CLANG_CXX_LANGUAGE_STANDARD = "gnu++14";
				CLANG_CXX_LIBRARY = "libc++";
				CLANG_ENABLE_MODULES = YES;
				CLANG_ENABLE_OBJC_ARC = YES;
				CLANG_ENABLE_OBJC_WEAK = YES;
				CLANG_WARN_BLOCK_CAPTURE_AUTORELEASING = YES;
				CLANG_WARN_BOOL_CONVERSION = YES;
				CLANG_WARN_COMMA = YES;
				CLANG_WARN_CONSTANT_CONVERSION = YES;
				CLANG_WARN_DEPRECATED_OBJC_IMPLEMENTATIONS = YES;
				CLANG_WARN_DIRECT_OBJC_ISA_USAGE = YES_ERROR;
				CLANG_WARN_DOCUMENTATION_COMMENTS = YES;
				CLANG_WARN_EMPTY_BODY = YES;
				CLANG_WARN_ENUM_CONVERSION = YES;
				CLANG_WARN_INFINITE_RECURSION = YES;
				CLANG_WARN_INT_CONVERSION = YES;
				CLANG_WARN_NON_LITERAL_NULL_CONVERSION = YES;
				CLANG_WARN_OBJC_IMPLICIT_RETAIN_SELF = YES;
				CLANG_WARN_OBJC_LITERAL_CONVERSION = YES;
				CLANG_WARN_OBJC_ROOT_CLASS = YES_ERROR;
				CLANG_WARN_QUOTED_INCLUDE_IN_FRAMEWORK_HEADER = YES;
				CLANG_WARN_RANGE_LOOP_ANALYSIS = YES;
				CLANG_WARN_STRICT_PROTOTYPES = YES;
				CLANG_WARN_SUSPICIOUS_MOVE = YES;
				CLANG_WARN_UNGUARDED_AVAILABILITY = YES_AGGRESSIVE;
				CLANG_WARN_UNREACHABLE_CODE = YES;
				CLANG_WARN__DUPLICATE_METHOD_MATCH = YES;
				COPY_PHASE_STRIP = NO;
				DEBUG_INFORMATION_FORMAT = dwarf;
				ENABLE_STRICT_OBJC_MSGSEND = YES;
				ENABLE_TESTABILITY = YES;
				GCC_C_LANGUAGE_STANDARD = gnu11;
				GCC_DYNAMIC_NO_PIC = NO;
				GCC_NO_COMMON_BLOCKS = YES;
				GCC_OPTIMIZATION_LEVEL = 0;
				GCC_PREPROCESSOR_DEFINITIONS = (
					"DEBUG=1",
					"$(inherited)",
				);
				GCC_WARN_64_TO_32_BIT_CONVERSION = YES;
				GCC_WARN_ABOUT_RETURN_TYPE = YES_ERROR;
				GCC_WARN_UNDECLARED_SELECTOR = YES;
				GCC_WARN_UNINITIALIZED_AUTOS = YES_AGGRESSIVE;
				GCC_WARN_UNUSED_FUNCTION = YES;
				GCC_WARN_UNUSED_VARIABLE = YES;
				IPHONEOS_DEPLOYMENT_TARGET = 12;
				MTL_ENABLE_DEBUG_INFO = INCLUDE_SOURCE;
				MTL_FAST_MATH = YES;
				ONLY_ACTIVE_ARCH = YES;
				SDKROOT = iphoneos;
				SWIFT_ACTIVE_COMPILATION_CONDITIONS = DEBUG;
				SWIFT_OPTIMIZATION_LEVEL = "-Onone";
			};
			name = Debug;
		};
		BF648FF925A2482F00A507F4 /* Release */ = {
			isa = XCBuildConfiguration;
			buildSettings = {
				ALWAYS_SEARCH_USER_PATHS = NO;
				CLANG_ANALYZER_NONNULL = YES;
				CLANG_ANALYZER_NUMBER_OBJECT_CONVERSION = YES_AGGRESSIVE;
				CLANG_CXX_LANGUAGE_STANDARD = "gnu++14";
				CLANG_CXX_LIBRARY = "libc++";
				CLANG_ENABLE_MODULES = YES;
				CLANG_ENABLE_OBJC_ARC = YES;
				CLANG_ENABLE_OBJC_WEAK = YES;
				CLANG_WARN_BLOCK_CAPTURE_AUTORELEASING = YES;
				CLANG_WARN_BOOL_CONVERSION = YES;
				CLANG_WARN_COMMA = YES;
				CLANG_WARN_CONSTANT_CONVERSION = YES;
				CLANG_WARN_DEPRECATED_OBJC_IMPLEMENTATIONS = YES;
				CLANG_WARN_DIRECT_OBJC_ISA_USAGE = YES_ERROR;
				CLANG_WARN_DOCUMENTATION_COMMENTS = YES;
				CLANG_WARN_EMPTY_BODY = YES;
				CLANG_WARN_ENUM_CONVERSION = YES;
				CLANG_WARN_INFINITE_RECURSION = YES;
				CLANG_WARN_INT_CONVERSION = YES;
				CLANG_WARN_NON_LITERAL_NULL_CONVERSION = YES;
				CLANG_WARN_OBJC_IMPLICIT_RETAIN_SELF = YES;
				CLANG_WARN_OBJC_LITERAL_CONVERSION = YES;
				CLANG_WARN_OBJC_ROOT_CLASS = YES_ERROR;
				CLANG_WARN_QUOTED_INCLUDE_IN_FRAMEWORK_HEADER = YES;
				CLANG_WARN_RANGE_LOOP_ANALYSIS = YES;
				CLANG_WARN_STRICT_PROTOTYPES = YES;
				CLANG_WARN_SUSPICIOUS_MOVE = YES;
				CLANG_WARN_UNGUARDED_AVAILABILITY = YES_AGGRESSIVE;
				CLANG_WARN_UNREACHABLE_CODE = YES;
				CLANG_WARN__DUPLICATE_METHOD_MATCH = YES;
				COPY_PHASE_STRIP = NO;
				DEBUG_INFORMATION_FORMAT = "dwarf-with-dsym";
				ENABLE_NS_ASSERTIONS = NO;
				ENABLE_STRICT_OBJC_MSGSEND = YES;
				GCC_C_LANGUAGE_STANDARD = gnu11;
				GCC_NO_COMMON_BLOCKS = YES;
				GCC_WARN_64_TO_32_BIT_CONVERSION = YES;
				GCC_WARN_ABOUT_RETURN_TYPE = YES_ERROR;
				GCC_WARN_UNDECLARED_SELECTOR = YES;
				GCC_WARN_UNINITIALIZED_AUTOS = YES_AGGRESSIVE;
				GCC_WARN_UNUSED_FUNCTION = YES;
				GCC_WARN_UNUSED_VARIABLE = YES;
				IPHONEOS_DEPLOYMENT_TARGET = 12;
				MTL_ENABLE_DEBUG_INFO = NO;
				MTL_FAST_MATH = YES;
				SDKROOT = iphoneos;
				SWIFT_COMPILATION_MODE = wholemodule;
				SWIFT_OPTIMIZATION_LEVEL = "-O";
				VALIDATE_PRODUCT = YES;
			};
			name = Release;
		};
		BF648FFB25A2482F00A507F4 /* Debug */ = {
			isa = XCBuildConfiguration;
			baseConfigurationReference = 67EF9A43B473DE039B0C1340 /* Pods-Roll Time.debug.xcconfig */;
			buildSettings = {
				ASSETCATALOG_COMPILER_APPICON_NAME = AppIcon;
				ASSETCATALOG_COMPILER_GLOBAL_ACCENT_COLOR_NAME = AccentColor;
				CODE_SIGN_ENTITLEMENTS = "Roll Time/Roll Time.entitlements";
				CODE_SIGN_STYLE = Automatic;
				CURRENT_PROJECT_VERSION = 4;
				DEVELOPMENT_TEAM = M7JA36V72Y;
				INFOPLIST_FILE = "Roll Time/Info.plist";
				IPHONEOS_DEPLOYMENT_TARGET = 11.0;
				LD_RUNPATH_SEARCH_PATHS = (
					"$(inherited)",
					"@executable_path/Frameworks",
				);
				MARKETING_VERSION = 1.7;
				PRODUCT_BUNDLE_IDENTIFIER = com.akif.dmrzn.rollTime;
				PRODUCT_NAME = "$(TARGET_NAME)";
				SWIFT_VERSION = 5.0;
				TARGETED_DEVICE_FAMILY = "1,2";
			};
			name = Debug;
		};
		BF648FFC25A2482F00A507F4 /* Release */ = {
			isa = XCBuildConfiguration;
			baseConfigurationReference = 9E4D2AFBB97E6D1E9FEB8CF6 /* Pods-Roll Time.release.xcconfig */;
			buildSettings = {
				ASSETCATALOG_COMPILER_APPICON_NAME = AppIcon;
				ASSETCATALOG_COMPILER_GLOBAL_ACCENT_COLOR_NAME = AccentColor;
				CODE_SIGN_ENTITLEMENTS = "Roll Time/Roll Time.entitlements";
				CODE_SIGN_STYLE = Automatic;
				CURRENT_PROJECT_VERSION = 4;
				DEVELOPMENT_TEAM = M7JA36V72Y;
				INFOPLIST_FILE = "Roll Time/Info.plist";
				IPHONEOS_DEPLOYMENT_TARGET = 11.0;
				LD_RUNPATH_SEARCH_PATHS = (
					"$(inherited)",
					"@executable_path/Frameworks",
				);
				MARKETING_VERSION = 1.7;
				PRODUCT_BUNDLE_IDENTIFIER = com.akif.dmrzn.rollTime;
				PRODUCT_NAME = "$(TARGET_NAME)";
				SWIFT_VERSION = 5.0;
				TARGETED_DEVICE_FAMILY = "1,2";
			};
			name = Release;
		};
		BF648FFE25A2482F00A507F4 /* Debug */ = {
			isa = XCBuildConfiguration;
			buildSettings = {
				ALWAYS_EMBED_SWIFT_STANDARD_LIBRARIES = YES;
				BUNDLE_LOADER = "$(TEST_HOST)";
				CODE_SIGN_STYLE = Automatic;
				DEVELOPMENT_TEAM = M7JA36V72Y;
				INFOPLIST_FILE = "Roll TimeTests/Info.plist";
				IPHONEOS_DEPLOYMENT_TARGET = 14.1;
				LD_RUNPATH_SEARCH_PATHS = (
					"$(inherited)",
					"@executable_path/Frameworks",
					"@loader_path/Frameworks",
				);
				PRODUCT_BUNDLE_IDENTIFIER = "com.akif.dmrzn.rollTime.Roll-TimeTests";
				PRODUCT_NAME = "$(TARGET_NAME)";
				SWIFT_VERSION = 5.0;
				TARGETED_DEVICE_FAMILY = "1,2";
				TEST_HOST = "$(BUILT_PRODUCTS_DIR)/Roll Time.app/Roll Time";
			};
			name = Debug;
		};
		BF648FFF25A2482F00A507F4 /* Release */ = {
			isa = XCBuildConfiguration;
			buildSettings = {
				ALWAYS_EMBED_SWIFT_STANDARD_LIBRARIES = YES;
				BUNDLE_LOADER = "$(TEST_HOST)";
				CODE_SIGN_STYLE = Automatic;
				DEVELOPMENT_TEAM = M7JA36V72Y;
				INFOPLIST_FILE = "Roll TimeTests/Info.plist";
				IPHONEOS_DEPLOYMENT_TARGET = 14.1;
				LD_RUNPATH_SEARCH_PATHS = (
					"$(inherited)",
					"@executable_path/Frameworks",
					"@loader_path/Frameworks",
				);
				PRODUCT_BUNDLE_IDENTIFIER = "com.akif.dmrzn.rollTime.Roll-TimeTests";
				PRODUCT_NAME = "$(TARGET_NAME)";
				SWIFT_VERSION = 5.0;
				TARGETED_DEVICE_FAMILY = "1,2";
				TEST_HOST = "$(BUILT_PRODUCTS_DIR)/Roll Time.app/Roll Time";
			};
			name = Release;
		};
		BF64900125A2482F00A507F4 /* Debug */ = {
			isa = XCBuildConfiguration;
			buildSettings = {
				ALWAYS_EMBED_SWIFT_STANDARD_LIBRARIES = YES;
				CODE_SIGN_STYLE = Automatic;
				DEVELOPMENT_TEAM = M7JA36V72Y;
				INFOPLIST_FILE = "Roll TimeUITests/Info.plist";
				LD_RUNPATH_SEARCH_PATHS = (
					"$(inherited)",
					"@executable_path/Frameworks",
					"@loader_path/Frameworks",
				);
				PRODUCT_BUNDLE_IDENTIFIER = "com.akif.dmrzn.rollTime.Roll-TimeUITests";
				PRODUCT_NAME = "$(TARGET_NAME)";
				SWIFT_VERSION = 5.0;
				TARGETED_DEVICE_FAMILY = "1,2";
				TEST_TARGET_NAME = "Roll Time";
			};
			name = Debug;
		};
		BF64900225A2482F00A507F4 /* Release */ = {
			isa = XCBuildConfiguration;
			buildSettings = {
				ALWAYS_EMBED_SWIFT_STANDARD_LIBRARIES = YES;
				CODE_SIGN_STYLE = Automatic;
				DEVELOPMENT_TEAM = M7JA36V72Y;
				INFOPLIST_FILE = "Roll TimeUITests/Info.plist";
				LD_RUNPATH_SEARCH_PATHS = (
					"$(inherited)",
					"@executable_path/Frameworks",
					"@loader_path/Frameworks",
				);
				PRODUCT_BUNDLE_IDENTIFIER = "com.akif.dmrzn.rollTime.Roll-TimeUITests";
				PRODUCT_NAME = "$(TARGET_NAME)";
				SWIFT_VERSION = 5.0;
				TARGETED_DEVICE_FAMILY = "1,2";
				TEST_TARGET_NAME = "Roll Time";
			};
			name = Release;
		};
/* End XCBuildConfiguration section */

/* Begin XCConfigurationList section */
		BF648FCB25A2482C00A507F4 /* Build configuration list for PBXProject "Roll Time" */ = {
			isa = XCConfigurationList;
			buildConfigurations = (
				BF648FF825A2482F00A507F4 /* Debug */,
				BF648FF925A2482F00A507F4 /* Release */,
			);
			defaultConfigurationIsVisible = 0;
			defaultConfigurationName = Release;
		};
		BF648FFA25A2482F00A507F4 /* Build configuration list for PBXNativeTarget "Roll Time" */ = {
			isa = XCConfigurationList;
			buildConfigurations = (
				BF648FFB25A2482F00A507F4 /* Debug */,
				BF648FFC25A2482F00A507F4 /* Release */,
			);
			defaultConfigurationIsVisible = 0;
			defaultConfigurationName = Release;
		};
		BF648FFD25A2482F00A507F4 /* Build configuration list for PBXNativeTarget "Roll TimeTests" */ = {
			isa = XCConfigurationList;
			buildConfigurations = (
				BF648FFE25A2482F00A507F4 /* Debug */,
				BF648FFF25A2482F00A507F4 /* Release */,
			);
			defaultConfigurationIsVisible = 0;
			defaultConfigurationName = Release;
		};
		BF64900025A2482F00A507F4 /* Build configuration list for PBXNativeTarget "Roll TimeUITests" */ = {
			isa = XCConfigurationList;
			buildConfigurations = (
				BF64900125A2482F00A507F4 /* Debug */,
				BF64900225A2482F00A507F4 /* Release */,
			);
			defaultConfigurationIsVisible = 0;
			defaultConfigurationName = Release;
		};
/* End XCConfigurationList section */
	};
	rootObject = BF648FC825A2482C00A507F4 /* Project object */;
}
